Microsoft Visual Studio Solution File, Format Version 12.00
# Visual Studio Version 17
VisualStudioVersion = 17.5.2.0
MinimumVisualStudioVersion = 10.0.40219.1
Project("{FAE04EC0-301F-11D3-BF4B-00C04F79EFBC}") = "ScraperService", "ScraperService.csproj", "{7B2BAD9C-3BC3-91B3-D6C2-EF3DCEF3D006}"
EndProject
Global
	GlobalSection(SolutionConfigurationPlatforms) = preSolution
		Debug|Any CPU = Debug|Any CPU
		Release|Any CPU = Release|Any CPU
	EndGlobalSection
	GlobalSection(ProjectConfigurationPlatforms) = postSolution
		{7B2BAD9C-3BC3-91B3-D6C2-EF3DCEF3D006}.Debug|Any CPU.ActiveCfg = Debug|Any CPU
		{7B2BAD9C-3BC3-91B3-D6C2-EF3DCEF3D006}.Debug|Any CPU.Build.0 = Debug|Any CPU
		{7B2BAD9C-3BC3-91B3-D6C2-EF3DCEF3D006}.Release|Any CPU.ActiveCfg = Release|Any CPU
		{7B2BAD9C-3BC3-91B3-D6C2-EF3DCEF3D006}.Release|Any CPU.Build.0 = Release|Any CPU
	EndGlobalSection
	GlobalSection(SolutionProperties) = preSolution
		HideSolutionNode = FALSE
	EndGlobalSection
	GlobalSection(ExtensibilityGlobals) = postSolution
		SolutionGuid = {8EE760C7-84D5-4709-BD97-DE84F46925A2}
	EndGlobalSection
EndGlobal
